// !$*UTF8*$!
{
	archiveVersion = 1;
	classes = {
	};
	objectVersion = 48;
	objects = {

/* Begin PBXBuildFile section */
		FB22CD6220E60FA000F85FB1 /* AxisChart.swift in Sources */ = {isa = PBXBuildFile; fileRef = FB22CD6120E60FA000F85FB1 /* AxisChart.swift */; };
		FB59CC9121017A4900B683B9 /* LineChart.swift in Sources */ = {isa = PBXBuildFile; fileRef = FB59CC8E21017A4900B683B9 /* LineChart.swift */; };
		FB59CC9221017A4900B683B9 /* LineChartPoint.swift in Sources */ = {isa = PBXBuildFile; fileRef = FB59CC8F21017A4900B683B9 /* LineChartPoint.swift */; };
		FB59CC9321017A4900B683B9 /* LineChartCirclePoint.swift in Sources */ = {isa = PBXBuildFile; fileRef = FB59CC9021017A4900B683B9 /* LineChartCirclePoint.swift */; };
		FB59CC9721017A5C00B683B9 /* Formatters.swift in Sources */ = {isa = PBXBuildFile; fileRef = FB59CC9421017A5C00B683B9 /* Formatters.swift */; };
		FB59CC9821017A5C00B683B9 /* ChartData.swift in Sources */ = {isa = PBXBuildFile; fileRef = FB59CC9521017A5C00B683B9 /* ChartData.swift */; };
		FB59CC9921017A5C00B683B9 /* ChartUtils.swift in Sources */ = {isa = PBXBuildFile; fileRef = FB59CC9621017A5C00B683B9 /* ChartUtils.swift */; };
		FB59CC9C21017A6800B683B9 /* ChartAxis.swift in Sources */ = {isa = PBXBuildFile; fileRef = FB59CC9A21017A6800B683B9 /* ChartAxis.swift */; };
		FB59CC9D21017A6800B683B9 /* PointAnimationor.swift in Sources */ = {isa = PBXBuildFile; fileRef = FB59CC9B21017A6800B683B9 /* PointAnimationor.swift */; };
		FB69AD3320073DF900383099 /* AppDelegate.swift in Sources */ = {isa = PBXBuildFile; fileRef = FB69AD3220073DF900383099 /* AppDelegate.swift */; };
		FB69AD3520073DF900383099 /* ViewController.swift in Sources */ = {isa = PBXBuildFile; fileRef = FB69AD3420073DF900383099 /* ViewController.swift */; };
		FB69AD3820073DF900383099 /* Main.storyboard in Resources */ = {isa = PBXBuildFile; fileRef = FB69AD3620073DF900383099 /* Main.storyboard */; };
		FB69AD3A20073DF900383099 /* Assets.xcassets in Resources */ = {isa = PBXBuildFile; fileRef = FB69AD3920073DF900383099 /* Assets.xcassets */; };
		FB69AD3D20073DF900383099 /* LaunchScreen.storyboard in Resources */ = {isa = PBXBuildFile; fileRef = FB69AD3B20073DF900383099 /* LaunchScreen.storyboard */; };
/* End PBXBuildFile section */

/* Begin PBXFileReference section */
		FB22CD6120E60FA000F85FB1 /* AxisChart.swift */ = {isa = PBXFileReference; lastKnownFileType = sourcecode.swift; name = AxisChart.swift; path = ../../MagicChart/AxisChart.swift; sourceTree = "<group>"; };
		FB59CC8E21017A4900B683B9 /* LineChart.swift */ = {isa = PBXFileReference; fileEncoding = 4; lastKnownFileType = sourcecode.swift; name = LineChart.swift; path = ../../MagicChart/line/LineChart.swift; sourceTree = "<group>"; };
		FB59CC8F21017A4900B683B9 /* LineChartPoint.swift */ = {isa = PBXFileReference; fileEncoding = 4; lastKnownFileType = sourcecode.swift; name = LineChartPoint.swift; path = ../../MagicChart/line/LineChartPoint.swift; sourceTree = "<group>"; };
		FB59CC9021017A4900B683B9 /* LineChartCirclePoint.swift */ = {isa = PBXFileReference; fileEncoding = 4; lastKnownFileType = sourcecode.swift; name = LineChartCirclePoint.swift; path = ../../MagicChart/line/LineChartCirclePoint.swift; sourceTree = "<group>"; };
		FB59CC9421017A5C00B683B9 /* Formatters.swift */ = {isa = PBXFileReference; fileEncoding = 4; lastKnownFileType = sourcecode.swift; name = Formatters.swift; path = ../../MagicChart/utils/Formatters.swift; sourceTree = "<group>"; };
		FB59CC9521017A5C00B683B9 /* ChartData.swift */ = {isa = PBXFileReference; fileEncoding = 4; lastKnownFileType = sourcecode.swift; name = ChartData.swift; path = ../../MagicChart/utils/ChartData.swift; sourceTree = "<group>"; };
		FB59CC9621017A5C00B683B9 /* ChartUtils.swift */ = {isa = PBXFileReference; fileEncoding = 4; lastKnownFileType = sourcecode.swift; name = ChartUtils.swift; path = ../../MagicChart/utils/ChartUtils.swift; sourceTree = "<group>"; };
		FB59CC9A21017A6800B683B9 /* ChartAxis.swift */ = {isa = PBXFileReference; fileEncoding = 4; lastKnownFileType = sourcecode.swift; name = ChartAxis.swift; path = ../../MagicChart/public/ChartAxis.swift; sourceTree = "<group>"; };
		FB59CC9B21017A6800B683B9 /* PointAnimationor.swift */ = {isa = PBXFileReference; fileEncoding = 4; lastKnownFileType = sourcecode.swift; name = PointAnimationor.swift; path = ../../MagicChart/public/PointAnimationor.swift; sourceTree = "<group>"; };
		FB69AD2F20073DF900383099 /* MagicChartDemo.app */ = {isa = PBXFileReference; explicitFileType = wrapper.application; includeInIndex = 0; path = MagicChartDemo.app; sourceTree = BUILT_PRODUCTS_DIR; };
		FB69AD3220073DF900383099 /* AppDelegate.swift */ = {isa = PBXFileReference; lastKnownFileType = sourcecode.swift; path = AppDelegate.swift; sourceTree = "<group>"; };
		FB69AD3420073DF900383099 /* ViewController.swift */ = {isa = PBXFileReference; lastKnownFileType = sourcecode.swift; path = ViewController.swift; sourceTree = "<group>"; };
		FB69AD3720073DF900383099 /* Base */ = {isa = PBXFileReference; lastKnownFileType = file.storyboard; name = Base; path = Base.lproj/Main.storyboard; sourceTree = "<group>"; };
		FB69AD3920073DF900383099 /* Assets.xcassets */ = {isa = PBXFileReference; lastKnownFileType = folder.assetcatalog; path = Assets.xcassets; sourceTree = "<group>"; };
		FB69AD3C20073DF900383099 /* Base */ = {isa = PBXFileReference; lastKnownFileType = file.storyboard; name = Base; path = Base.lproj/LaunchScreen.storyboard; sourceTree = "<group>"; };
		FB69AD3E20073DF900383099 /* Info.plist */ = {isa = PBXFileReference; lastKnownFileType = text.plist.xml; path = Info.plist; sourceTree = "<group>"; };
/* End PBXFileReference section */

/* Begin PBXFrameworksBuildPhase section */
		FB69AD2C20073DF900383099 /* Frameworks */ = {
			isa = PBXFrameworksBuildPhase;
			buildActionMask = 2147483647;
			files = (
			);
			runOnlyForDeploymentPostprocessing = 0;
		};
/* End PBXFrameworksBuildPhase section */

/* Begin PBXGroup section */
		FB22CD5620E5E0F100F85FB1 /* MagicChart */ = {
			isa = PBXGroup;
			children = (
				FB59CC8D21017A3900B683B9 /* line */,
				FB59CC8C21017A3100B683B9 /* utils */,
				FB59CC8B21017A2700B683B9 /* public */,
				FB22CD6120E60FA000F85FB1 /* AxisChart.swift */,
			);
			path = MagicChart;
			sourceTree = "<group>";
		};
		FB59CC8B21017A2700B683B9 /* public */ = {
			isa = PBXGroup;
			children = (
				FB59CC9A21017A6800B683B9 /* ChartAxis.swift */,
				FB59CC9B21017A6800B683B9 /* PointAnimationor.swift */,
			);
			name = public;
			sourceTree = "<group>";
		};
		FB59CC8C21017A3100B683B9 /* utils */ = {
			isa = PBXGroup;
			children = (
				FB59CC9521017A5C00B683B9 /* ChartData.swift */,
				FB59CC9621017A5C00B683B9 /* ChartUtils.swift */,
				FB59CC9421017A5C00B683B9 /* Formatters.swift */,
			);
			name = utils;
			sourceTree = "<group>";
		};
		FB59CC8D21017A3900B683B9 /* line */ = {
			isa = PBXGroup;
			children = (
				FB59CC8E21017A4900B683B9 /* LineChart.swift */,
				FB59CC9021017A4900B683B9 /* LineChartCirclePoint.swift */,
				FB59CC8F21017A4900B683B9 /* LineChartPoint.swift */,
			);
			name = line;
			sourceTree = "<group>";
		};
		FB69AD2620073DF900383099 = {
			isa = PBXGroup;
			children = (
				FB22CD5620E5E0F100F85FB1 /* MagicChart */,
				FB69AD3120073DF900383099 /* MagicChartDemo */,
				FB69AD3020073DF900383099 /* Products */,
			);
			sourceTree = "<group>";
		};
		FB69AD3020073DF900383099 /* Products */ = {
			isa = PBXGroup;
			children = (
				FB69AD2F20073DF900383099 /* MagicChartDemo.app */,
			);
			name = Products;
			sourceTree = "<group>";
		};
		FB69AD3120073DF900383099 /* MagicChartDemo */ = {
			isa = PBXGroup;
			children = (
				FB69AD3220073DF900383099 /* AppDelegate.swift */,
				FB69AD3420073DF900383099 /* ViewController.swift */,
				FB69AD3620073DF900383099 /* Main.storyboard */,
				FB69AD3920073DF900383099 /* Assets.xcassets */,
				FB69AD3B20073DF900383099 /* LaunchScreen.storyboard */,
				FB69AD3E20073DF900383099 /* Info.plist */,
			);
			path = MagicChartDemo;
			sourceTree = "<group>";
		};
/* End PBXGroup section */

/* Begin PBXNativeTarget section */
		FB69AD2E20073DF900383099 /* MagicChartDemo */ = {
			isa = PBXNativeTarget;
			buildConfigurationList = FB69AD4120073DF900383099 /* Build configuration list for PBXNativeTarget "MagicChartDemo" */;
			buildPhases = (
				FB69AD2B20073DF900383099 /* Sources */,
				FB69AD2C20073DF900383099 /* Frameworks */,
				FB69AD2D20073DF900383099 /* Resources */,
			);
			buildRules = (
			);
			dependencies = (
			);
			name = MagicChartDemo;
			productName = MagicChartDemo;
			productReference = FB69AD2F20073DF900383099 /* MagicChartDemo.app */;
			productType = "com.apple.product-type.application";
		};
/* End PBXNativeTarget section */

/* Begin PBXProject section */
		FB69AD2720073DF900383099 /* Project object */ = {
			isa = PBXProject;
			attributes = {
				LastSwiftUpdateCheck = 0920;
				LastUpgradeCheck = 0930;
				ORGANIZATIONNAME = wenfeng;
				TargetAttributes = {
					FB69AD2E20073DF900383099 = {
						CreatedOnToolsVersion = 9.2;
						ProvisioningStyle = Automatic;
					};
				};
			};
			buildConfigurationList = FB69AD2A20073DF900383099 /* Build configuration list for PBXProject "MagicChartDemo" */;
			compatibilityVersion = "Xcode 8.0";
			developmentRegion = en;
			hasScannedForEncodings = 0;
			knownRegions = (
				en,
				Base,
			);
			mainGroup = FB69AD2620073DF900383099;
			productRefGroup = FB69AD3020073DF900383099 /* Products */;
			projectDirPath = "";
			projectRoot = "";
			targets = (
				FB69AD2E20073DF900383099 /* MagicChartDemo */,
			);
		};
/* End PBXProject section */

/* Begin PBXResourcesBuildPhase section */
		FB69AD2D20073DF900383099 /* Resources */ = {
			isa = PBXResourcesBuildPhase;
			buildActionMask = 2147483647;
			files = (
				FB69AD3D20073DF900383099 /* LaunchScreen.storyboard in Resources */,
				FB69AD3A20073DF900383099 /* Assets.xcassets in Resources */,
				FB69AD3820073DF900383099 /* Main.storyboard in Resources */,
			);
			runOnlyForDeploymentPostprocessing = 0;
		};
/* End PBXResourcesBuildPhase section */

/* Begin PBXSourcesBuildPhase section */
		FB69AD2B20073DF900383099 /* Sources */ = {
			isa = PBXSourcesBuildPhase;
			buildActionMask = 2147483647;
			files = (
				FB59CC9121017A4900B683B9 /* LineChart.swift in Sources */,
				FB59CC9321017A4900B683B9 /* LineChartCirclePoint.swift in Sources */,
				FB69AD3520073DF900383099 /* ViewController.swift in Sources */,
				FB69AD3320073DF900383099 /* AppDelegate.swift in Sources */,
				FB59CC9921017A5C00B683B9 /* ChartUtils.swift in Sources */,
				FB59CC9221017A4900B683B9 /* LineChartPoint.swift in Sources */,
				FB22CD6220E60FA000F85FB1 /* AxisChart.swift in Sources */,
				FB59CC9821017A5C00B683B9 /* ChartData.swift in Sources */,
				FB59CC9721017A5C00B683B9 /* Formatters.swift in Sources */,
				FB59CC9D21017A6800B683B9 /* PointAnimationor.swift in Sources */,
				FB59CC9C21017A6800B683B9 /* ChartAxis.swift in Sources */,
			);
			runOnlyForDeploymentPostprocessing = 0;
		};
/* End PBXSourcesBuildPhase section */

/* Begin PBXVariantGroup section */
		FB69AD3620073DF900383099 /* Main.storyboard */ = {
			isa = PBXVariantGroup;
			children = (
				FB69AD3720073DF900383099 /* Base */,
			);
			name = Main.storyboard;
			sourceTree = "<group>";
		};
		FB69AD3B20073DF900383099 /* LaunchScreen.storyboard */ = {
			isa = PBXVariantGroup;
			children = (
				FB69AD3C20073DF900383099 /* Base */,
			);
			name = LaunchScreen.storyboard;
			sourceTree = "<group>";
		};
/* End PBXVariantGroup section */

/* Begin XCBuildConfiguration section */
		FB69AD3F20073DF900383099 /* Debug */ = {
			isa = XCBuildConfiguration;
			buildSettings = {
				ALWAYS_SEARCH_USER_PATHS = NO;
				CLANG_ANALYZER_NONNULL = YES;
				CLANG_ANALYZER_NUMBER_OBJECT_CONVERSION = YES_AGGRESSIVE;
				CLANG_CXX_LANGUAGE_STANDARD = "gnu++14";
				CLANG_CXX_LIBRARY = "libc++";
				CLANG_ENABLE_MODULES = YES;
				CLANG_ENABLE_OBJC_ARC = YES;
				CLANG_WARN_BLOCK_CAPTURE_AUTORELEASING = YES;
				CLANG_WARN_BOOL_CONVERSION = YES;
				CLANG_WARN_COMMA = YES;
				CLANG_WARN_CONSTANT_CONVERSION = YES;
				CLANG_WARN_DEPRECATED_OBJC_IMPLEMENTATIONS = YES;
				CLANG_WARN_DIRECT_OBJC_ISA_USAGE = YES_ERROR;
				CLANG_WARN_DOCUMENTATION_COMMENTS = YES;
				CLANG_WARN_EMPTY_BODY = YES;
				CLANG_WARN_ENUM_CONVERSION = YES;
				CLANG_WARN_INFINITE_RECURSION = YES;
				CLANG_WARN_INT_CONVERSION = YES;
				CLANG_WARN_NON_LITERAL_NULL_CONVERSION = YES;
				CLANG_WARN_OBJC_IMPLICIT_RETAIN_SELF = YES;
				CLANG_WARN_OBJC_LITERAL_CONVERSION = YES;
				CLANG_WARN_OBJC_ROOT_CLASS = YES_ERROR;
				CLANG_WARN_RANGE_LOOP_ANALYSIS = YES;
				CLANG_WARN_STRICT_PROTOTYPES = YES;
				CLANG_WARN_SUSPICIOUS_MOVE = YES;
				CLANG_WARN_UNGUARDED_AVAILABILITY = YES_AGGRESSIVE;
				CLANG_WARN_UNREACHABLE_CODE = YES;
				CLANG_WARN__DUPLICATE_METHOD_MATCH = YES;
				CODE_SIGN_IDENTITY = "iPhone Developer";
				COPY_PHASE_STRIP = NO;
				DEBUG_INFORMATION_FORMAT = dwarf;
				ENABLE_STRICT_OBJC_MSGSEND = YES;
				ENABLE_TESTABILITY = YES;
				GCC_C_LANGUAGE_STANDARD = gnu11;
				GCC_DYNAMIC_NO_PIC = NO;
				GCC_NO_COMMON_BLOCKS = YES;
				GCC_OPTIMIZATION_LEVEL = 0;
				GCC_PREPROCESSOR_DEFINITIONS = (
					"DEBUG=1",
					"$(inherited)",
				);
				GCC_WARN_64_TO_32_BIT_CONVERSION = YES;
				GCC_WARN_ABOUT_RETURN_TYPE = YES_ERROR;
				GCC_WARN_UNDECLARED_SELECTOR = YES;
				GCC_WARN_UNINITIALIZED_AUTOS = YES_AGGRESSIVE;
				GCC_WARN_UNUSED_FUNCTION = YES;
				GCC_WARN_UNUSED_VARIABLE = YES;
				IPHONEOS_DEPLOYMENT_TARGET = 11.2;
				MTL_ENABLE_DEBUG_INFO = YES;
				ONLY_ACTIVE_ARCH = YES;
				SDKROOT = iphoneos;
				SWIFT_ACTIVE_COMPILATION_CONDITIONS = DEBUG;
				SWIFT_OPTIMIZATION_LEVEL = "-Onone";
			};
			name = Debug;
		};
		FB69AD4020073DF900383099 /* Release */ = {
			isa = XCBuildConfiguration;
			buildSettings = {
				ALWAYS_SEARCH_USER_PATHS = NO;
				CLANG_ANALYZER_NONNULL = YES;
				CLANG_ANALYZER_NUMBER_OBJECT_CONVERSION = YES_AGGRESSIVE;
				CLANG_CXX_LANGUAGE_STANDARD = "gnu++14";
				CLANG_CXX_LIBRARY = "libc++";
				CLANG_ENABLE_MODULES = YES;
				CLANG_ENABLE_OBJC_ARC = YES;
				CLANG_WARN_BLOCK_CAPTURE_AUTORELEASING = YES;
				CLANG_WARN_BOOL_CONVERSION = YES;
				CLANG_WARN_COMMA = YES;
				CLANG_WARN_CONSTANT_CONVERSION = YES;
				CLANG_WARN_DEPRECATED_OBJC_IMPLEMENTATIONS = YES;
				CLANG_WARN_DIRECT_OBJC_ISA_USAGE = YES_ERROR;
				CLANG_WARN_DOCUMENTATION_COMMENTS = YES;
				CLANG_WARN_EMPTY_BODY = YES;
				CLANG_WARN_ENUM_CONVERSION = YES;
				CLANG_WARN_INFINITE_RECURSION = YES;
				CLANG_WARN_INT_CONVERSION = YES;
				CLANG_WARN_NON_LITERAL_NULL_CONVERSION = YES;
				CLANG_WARN_OBJC_IMPLICIT_RETAIN_SELF = YES;
				CLANG_WARN_OBJC_LITERAL_CONVERSION = YES;
				CLANG_WARN_OBJC_ROOT_CLASS = YES_ERROR;
				CLANG_WARN_RANGE_LOOP_ANALYSIS = YES;
				CLANG_WARN_STRICT_PROTOTYPES = YES;
				CLANG_WARN_SUSPICIOUS_MOVE = YES;
				CLANG_WARN_UNGUARDED_AVAILABILITY = YES_AGGRESSIVE;
				CLANG_WARN_UNREACHABLE_CODE = YES;
				CLANG_WARN__DUPLICATE_METHOD_MATCH = YES;
				CODE_SIGN_IDENTITY = "iPhone Developer";
				COPY_PHASE_STRIP = NO;
				DEBUG_INFORMATION_FORMAT = "dwarf-with-dsym";
				ENABLE_NS_ASSERTIONS = NO;
				ENABLE_STRICT_OBJC_MSGSEND = YES;
				GCC_C_LANGUAGE_STANDARD = gnu11;
				GCC_NO_COMMON_BLOCKS = YES;
				GCC_WARN_64_TO_32_BIT_CONVERSION = YES;
				GCC_WARN_ABOUT_RETURN_TYPE = YES_ERROR;
				GCC_WARN_UNDECLARED_SELECTOR = YES;
				GCC_WARN_UNINITIALIZED_AUTOS = YES_AGGRESSIVE;
				GCC_WARN_UNUSED_FUNCTION = YES;
				GCC_WARN_UNUSED_VARIABLE = YES;
				IPHONEOS_DEPLOYMENT_TARGET = 11.2;
				MTL_ENABLE_DEBUG_INFO = NO;
				SDKROOT = iphoneos;
				SWIFT_OPTIMIZATION_LEVEL = "-Owholemodule";
				VALIDATE_PRODUCT = YES;
			};
			name = Release;
		};
		FB69AD4220073DF900383099 /* Debug */ = {
			isa = XCBuildConfiguration;
			buildSettings = {
				ASSETCATALOG_COMPILER_APPICON_NAME = AppIcon;
				CODE_SIGN_STYLE = Automatic;
				DEVELOPMENT_TEAM = A7SERSCQNW;
				INFOPLIST_FILE = MagicChartDemo/Info.plist;
				IPHONEOS_DEPLOYMENT_TARGET = 8.0;
				LD_RUNPATH_SEARCH_PATHS = "$(inherited) @executable_path/Frameworks";
				PRODUCT_BUNDLE_IDENTIFIER = com.wenfeng.MagicChartDemo;
				PRODUCT_NAME = "$(TARGET_NAME)";
				SWIFT_VERSION = 4.0;
				TARGETED_DEVICE_FAMILY = "1,2";
			};
			name = Debug;
		};
		FB69AD4320073DF900383099 /* Release */ = {
			isa = XCBuildConfiguration;
			buildSettings = {
				ASSETCATALOG_COMPILER_APPICON_NAME = AppIcon;
				CODE_SIGN_STYLE = Automatic;
				DEVELOPMENT_TEAM = A7SERSCQNW;
				INFOPLIST_FILE = MagicChartDemo/Info.plist;
				IPHONEOS_DEPLOYMENT_TARGET = 8.0;
				LD_RUNPATH_SEARCH_PATHS = "$(inherited) @executable_path/Frameworks";
				PRODUCT_BUNDLE_IDENTIFIER = com.wenfeng.MagicChartDemo;
				PRODUCT_NAME = "$(TARGET_NAME)";
				SWIFT_VERSION = 4.0;
				TARGETED_DEVICE_FAMILY = "1,2";
			};
			name = Release;
		};
/* End XCBuildConfiguration section */

/* Begin XCConfigurationList section */
		FB69AD2A20073DF900383099 /* Build configuration list for PBXProject "MagicChartDemo" */ = {
			isa = XCConfigurationList;
			buildConfigurations = (
				FB69AD3F20073DF900383099 /* Debug */,
				FB69AD4020073DF900383099 /* Release */,
			);
			defaultConfigurationIsVisible = 0;
			defaultConfigurationName = Release;
		};
		FB69AD4120073DF900383099 /* Build configuration list for PBXNativeTarget "MagicChartDemo" */ = {
			isa = XCConfigurationList;
			buildConfigurations = (
				FB69AD4220073DF900383099 /* Debug */,
				FB69AD4320073DF900383099 /* Release */,
			);
			defaultConfigurationIsVisible = 0;
			defaultConfigurationName = Release;
		};
/* End XCConfigurationList section */
	};
	rootObject = FB69AD2720073DF900383099 /* Project object */;
}
